
Microsoft Visual Studio Solution File, Format Version 12.00
# Visual Studio 15
VisualStudioVersion = 15.0.28010.2036
MinimumVisualStudioVersion = 10.0.40219.1
Project("{FAE04EC0-301F-11D3-BF4B-00C04F79EFBC}") = "ClientTechEGC", "ClientTechEGC\ClientTechEGC.csproj", "{59A7411F-938B-4CFD-A55B-BF3E40717FA7}"
	ProjectSection(ProjectDependencies) = postProject
		{5DF6A21C-9D15-4018-B047-83C2E9A7F17B} = {5DF6A21C-9D15-4018-B047-83C2E9A7F17B}
	EndProjectSection
EndProject
Project("{FAE04EC0-301F-11D3-BF4B-00C04F79EFBC}") = "IO.Swagger", "IO.Swagger\IO.Swagger.csproj", "{5DF6A21C-9D15-4018-B047-83C2E9A7F17B}"
EndProject
Global
	GlobalSection(SolutionConfigurationPlatforms) = preSolution
		Debug|Any CPU = Debug|Any CPU
		Release|Any CPU = Release|Any CPU
	EndGlobalSection
	GlobalSection(ProjectConfigurationPlatforms) = postSolution
		{59A7411F-938B-4CFD-A55B-BF3E40717FA7}.Debug|Any CPU.ActiveCfg = Debug|Any CPU
		{59A7411F-938B-4CFD-A55B-BF3E40717FA7}.Debug|Any CPU.Build.0 = Debug|Any CPU
		{59A7411F-938B-4CFD-A55B-BF3E40717FA7}.Release|Any CPU.ActiveCfg = Release|Any CPU
		{59A7411F-938B-4CFD-A55B-BF3E40717FA7}.Release|Any CPU.Build.0 = Release|Any CPU
		{5DF6A21C-9D15-4018-B047-83C2E9A7F17B}.Debug|Any CPU.ActiveCfg = Debug|Any CPU
		{5DF6A21C-9D15-4018-B047-83C2E9A7F17B}.Debug|Any CPU.Build.0 = Debug|Any CPU
		{5DF6A21C-9D15-4018-B047-83C2E9A7F17B}.Release|Any CPU.ActiveCfg = Release|Any CPU
		{5DF6A21C-9D15-4018-B047-83C2E9A7F17B}.Release|Any CPU.Build.0 = Release|Any CPU
	EndGlobalSection
	GlobalSection(SolutionProperties) = preSolution
		HideSolutionNode = FALSE
	EndGlobalSection
	GlobalSection(ExtensibilityGlobals) = postSolution
		SolutionGuid = {379E87CF-805F-4C02-AA7B-C1DDF8541824}
	EndGlobalSection
EndGlobal
